// !$*UTF8*$!
{
	archiveVersion = 1;
	classes = {
	};
	objectVersion = 46;
	objects = {

/* Begin PBXBuildFile section */
		FE42E6DF1BAE73CF002BA300 /* levels.geojson in Resources */ = {isa = PBXBuildFile; fileRef = FEDBBBAF1BAE68AC0082771F /* levels.geojson */; };
		FE42E6E21BAE77CD002BA300 /* STModelLevelCell.m in Sources */ = {isa = PBXBuildFile; fileRef = FE42E6E11BAE77CD002BA300 /* STModelLevelCell.m */; };
		FE42E6E51BAE8F3B002BA300 /* STNavigationController.m in Sources */ = {isa = PBXBuildFile; fileRef = FE42E6E41BAE8F3B002BA300 /* STNavigationController.m */; };
		FE76D8141BAAAA96002895CC /* main.m in Sources */ = {isa = PBXBuildFile; fileRef = FE76D8131BAAAA96002895CC /* main.m */; };
		FE76D8171BAAAA96002895CC /* AppDelegate.m in Sources */ = {isa = PBXBuildFile; fileRef = FE76D8161BAAAA96002895CC /* AppDelegate.m */; };
		FE76D81A1BAAAA96002895CC /* ViewController.m in Sources */ = {isa = PBXBuildFile; fileRef = FE76D8191BAAAA96002895CC /* ViewController.m */; };
		FE76D81D1BAAAA96002895CC /* Main.storyboard in Resources */ = {isa = PBXBuildFile; fileRef = FE76D81B1BAAAA96002895CC /* Main.storyboard */; };
		FE76D8221BAAAA96002895CC /* LaunchScreen.xib in Resources */ = {isa = PBXBuildFile; fileRef = FE76D8201BAAAA96002895CC /* LaunchScreen.xib */; };
		FE76D82E1BAAAA96002895CC /* SitupTests.m in Sources */ = {isa = PBXBuildFile; fileRef = FE76D82D1BAAAA96002895CC /* SitupTests.m */; };
		FE76D8411BAAB283002895CC /* UIScreen+Adapter.m in Sources */ = {isa = PBXBuildFile; fileRef = FE76D8401BAAB283002895CC /* UIScreen+Adapter.m */; };
		FE76D84A1BAABD49002895CC /* UIColor+Util.m in Sources */ = {isa = PBXBuildFile; fileRef = FE76D8491BAABD49002895CC /* UIColor+Util.m */; };
		FE76D8861BABE54B002895CC /* bg_sets_light.png in Resources */ = {isa = PBXBuildFile; fileRef = FE76D8851BABE54B002895CC /* bg_sets_light.png */; };
		FE76D8881BABE752002895CC /* pushupsicon.png in Resources */ = {isa = PBXBuildFile; fileRef = FE76D8871BABE752002895CC /* pushupsicon.png */; };
		FE76D88C1BABF045002895CC /* situpsicon.png in Resources */ = {isa = PBXBuildFile; fileRef = FE76D88B1BABF045002895CC /* situpsicon.png */; };
		FE76D8901BAC0024002895CC /* UIToolbar+SU.m in Sources */ = {isa = PBXBuildFile; fileRef = FE76D88F1BAC0024002895CC /* UIToolbar+SU.m */; };
		FE76D8961BAC16AA002895CC /* star_level1.png in Resources */ = {isa = PBXBuildFile; fileRef = FE76D8951BAC16AA002895CC /* star_level1.png */; };
		FE76D89F1BAC261B002895CC /* STLevelSelectorController.m in Sources */ = {isa = PBXBuildFile; fileRef = FE76D89E1BAC261B002895CC /* STLevelSelectorController.m */; };
		FE76D8A31BAC42CC002895CC /* STModelLevelInfo.m in Sources */ = {isa = PBXBuildFile; fileRef = FE76D8A21BAC42CC002895CC /* STModelLevelInfo.m */; };
		FE98B6021BAEBB6F0084A9CA /* STTrainPlanController.m in Sources */ = {isa = PBXBuildFile; fileRef = FE98B6011BAEBB6F0084A9CA /* STTrainPlanController.m */; };
		FE98B6051BAEBF560084A9CA /* TrainDataService.m in Sources */ = {isa = PBXBuildFile; fileRef = FE98B6041BAEBF560084A9CA /* TrainDataService.m */; };
		FE98B60A1BAEC0A80084A9CA /* STModelTrainPlan.m in Sources */ = {isa = PBXBuildFile; fileRef = FE98B6091BAEC0A80084A9CA /* STModelTrainPlan.m */; };
		FE98B6101BAEC6E90084A9CA /* UIImage+Util.m in Sources */ = {isa = PBXBuildFile; fileRef = FE98B60F1BAEC6E90084A9CA /* UIImage+Util.m */; };
		FEA73B881BBA7C530021B504 /* NSObject+SBJson.m in Sources */ = {isa = PBXBuildFile; fileRef = FEA73B701BBA7C530021B504 /* NSObject+SBJson.m */; settings = {ASSET_TAGS = (); }; };
		FEA73B891BBA7C530021B504 /* SBJsonParser.m in Sources */ = {isa = PBXBuildFile; fileRef = FEA73B731BBA7C530021B504 /* SBJsonParser.m */; settings = {ASSET_TAGS = (); }; };
		FEA73B8A1BBA7C530021B504 /* SBJsonStreamParser.m in Sources */ = {isa = PBXBuildFile; fileRef = FEA73B751BBA7C530021B504 /* SBJsonStreamParser.m */; settings = {ASSET_TAGS = (); }; };
		FEA73B8B1BBA7C530021B504 /* SBJsonStreamParserAccumulator.m in Sources */ = {isa = PBXBuildFile; fileRef = FEA73B771BBA7C530021B504 /* SBJsonStreamParserAccumulator.m */; settings = {ASSET_TAGS = (); }; };
		FEA73B8C1BBA7C530021B504 /* SBJsonStreamParserAdapter.m in Sources */ = {isa = PBXBuildFile; fileRef = FEA73B791BBA7C530021B504 /* SBJsonStreamParserAdapter.m */; settings = {ASSET_TAGS = (); }; };
		FEA73B8D1BBA7C530021B504 /* SBJsonStreamParserState.m in Sources */ = {isa = PBXBuildFile; fileRef = FEA73B7B1BBA7C530021B504 /* SBJsonStreamParserState.m */; settings = {ASSET_TAGS = (); }; };
		FEA73B8E1BBA7C530021B504 /* SBJsonStreamWriter.m in Sources */ = {isa = PBXBuildFile; fileRef = FEA73B7D1BBA7C530021B504 /* SBJsonStreamWriter.m */; settings = {ASSET_TAGS = (); }; };
		FEA73B8F1BBA7C530021B504 /* SBJsonStreamWriterAccumulator.m in Sources */ = {isa = PBXBuildFile; fileRef = FEA73B7F1BBA7C530021B504 /* SBJsonStreamWriterAccumulator.m */; settings = {ASSET_TAGS = (); }; };
		FEA73B901BBA7C530021B504 /* SBJsonStreamWriterState.m in Sources */ = {isa = PBXBuildFile; fileRef = FEA73B811BBA7C530021B504 /* SBJsonStreamWriterState.m */; settings = {ASSET_TAGS = (); }; };
		FEA73B911BBA7C530021B504 /* SBJsonTokeniser.m in Sources */ = {isa = PBXBuildFile; fileRef = FEA73B831BBA7C530021B504 /* SBJsonTokeniser.m */; settings = {ASSET_TAGS = (); }; };
		FEA73B921BBA7C530021B504 /* SBJsonUTF8Stream.m in Sources */ = {isa = PBXBuildFile; fileRef = FEA73B851BBA7C530021B504 /* SBJsonUTF8Stream.m */; settings = {ASSET_TAGS = (); }; };
		FEA73B931BBA7C530021B504 /* SBJsonWriter.m in Sources */ = {isa = PBXBuildFile; fileRef = FEA73B871BBA7C530021B504 /* SBJsonWriter.m */; settings = {ASSET_TAGS = (); }; };
		FEA73BA41BBA7C870021B504 /* UUBar.m in Sources */ = {isa = PBXBuildFile; fileRef = FEA73B981BBA7C870021B504 /* UUBar.m */; settings = {ASSET_TAGS = (); }; };
		FEA73BA51BBA7C870021B504 /* UUBarChart.m in Sources */ = {isa = PBXBuildFile; fileRef = FEA73B9A1BBA7C870021B504 /* UUBarChart.m */; settings = {ASSET_TAGS = (); }; };
		FEA73BA61BBA7C870021B504 /* UUChart.m in Sources */ = {isa = PBXBuildFile; fileRef = FEA73B9C1BBA7C870021B504 /* UUChart.m */; settings = {ASSET_TAGS = (); }; };
		FEA73BA71BBA7C870021B504 /* UUChartLabel.m in Sources */ = {isa = PBXBuildFile; fileRef = FEA73B9E1BBA7C870021B504 /* UUChartLabel.m */; settings = {ASSET_TAGS = (); }; };
		FEA73BA81BBA7C870021B504 /* UUColor.m in Sources */ = {isa = PBXBuildFile; fileRef = FEA73BA01BBA7C870021B504 /* UUColor.m */; settings = {ASSET_TAGS = (); }; };
		FEA73BA91BBA7C870021B504 /* UULineChart.m in Sources */ = {isa = PBXBuildFile; fileRef = FEA73BA21BBA7C870021B504 /* UULineChart.m */; settings = {ASSET_TAGS = (); }; };
		FEA73BBF1BBA7F740021B504 /* STTrainHistoryController.m in Sources */ = {isa = PBXBuildFile; fileRef = FEA73BBE1BBA7F740021B504 /* STTrainHistoryController.m */; settings = {ASSET_TAGS = (); }; };
		FEA73BCA1BBBCFCA0021B504 /* ic_launcher.png in Resources */ = {isa = PBXBuildFile; fileRef = FEA73BC91BBBCFCA0021B504 /* ic_launcher.png */; settings = {ASSET_TAGS = (); }; };
		FEFB84E91BB2A02200F01929 /* Images.xcassets in Resources */ = {isa = PBXBuildFile; fileRef = FE76D81E1BAAAA96002895CC /* Images.xcassets */; settings = {ASSET_TAGS = (); }; };
		FEFB84ED1BB2B3E600F01929 /* AVFoundation.framework in Frameworks */ = {isa = PBXBuildFile; fileRef = FEFB84EC1BB2B3E600F01929 /* AVFoundation.framework */; };
/* End PBXBuildFile section */

/* Begin PBXContainerItemProxy section */
		FE76D8281BAAAA96002895CC /* PBXContainerItemProxy */ = {
			isa = PBXContainerItemProxy;
			containerPortal = FE76D8061BAAAA96002895CC /* Project object */;
			proxyType = 1;
			remoteGlobalIDString = FE76D80D1BAAAA96002895CC;
			remoteInfo = Situp;
		};
/* End PBXContainerItemProxy section */

/* Begin PBXFileReference section */
		FE42E6E01BAE77CD002BA300 /* STModelLevelCell.h */ = {isa = PBXFileReference; fileEncoding = 4; lastKnownFileType = sourcecode.c.h; path = STModelLevelCell.h; sourceTree = "<group>"; };
		FE42E6E11BAE77CD002BA300 /* STModelLevelCell.m */ = {isa = PBXFileReference; fileEncoding = 4; lastKnownFileType = sourcecode.c.objc; path = STModelLevelCell.m; sourceTree = "<group>"; };
		FE42E6E31BAE8F3B002BA300 /* STNavigationController.h */ = {isa = PBXFileReference; fileEncoding = 4; lastKnownFileType = sourcecode.c.h; path = STNavigationController.h; sourceTree = "<group>"; };
		FE42E6E41BAE8F3B002BA300 /* STNavigationController.m */ = {isa = PBXFileReference; fileEncoding = 4; lastKnownFileType = sourcecode.c.objc; path = STNavigationController.m; sourceTree = "<group>"; };
		FE76D80E1BAAAA96002895CC /* Situp.app */ = {isa = PBXFileReference; explicitFileType = wrapper.application; includeInIndex = 0; path = Situp.app; sourceTree = BUILT_PRODUCTS_DIR; };
		FE76D8121BAAAA96002895CC /* Info.plist */ = {isa = PBXFileReference; lastKnownFileType = text.plist.xml; path = Info.plist; sourceTree = "<group>"; };
		FE76D8131BAAAA96002895CC /* main.m */ = {isa = PBXFileReference; lastKnownFileType = sourcecode.c.objc; path = main.m; sourceTree = "<group>"; };
		FE76D8151BAAAA96002895CC /* AppDelegate.h */ = {isa = PBXFileReference; lastKnownFileType = sourcecode.c.h; path = AppDelegate.h; sourceTree = "<group>"; };
		FE76D8161BAAAA96002895CC /* AppDelegate.m */ = {isa = PBXFileReference; lastKnownFileType = sourcecode.c.objc; path = AppDelegate.m; sourceTree = "<group>"; };
		FE76D8181BAAAA96002895CC /* ViewController.h */ = {isa = PBXFileReference; lastKnownFileType = sourcecode.c.h; path = ViewController.h; sourceTree = "<group>"; };
		FE76D8191BAAAA96002895CC /* ViewController.m */ = {isa = PBXFileReference; lastKnownFileType = sourcecode.c.objc; path = ViewController.m; sourceTree = "<group>"; };
		FE76D81C1BAAAA96002895CC /* Base */ = {isa = PBXFileReference; lastKnownFileType = file.storyboard; name = Base; path = Base.lproj/Main.storyboard; sourceTree = "<group>"; };
		FE76D81E1BAAAA96002895CC /* Images.xcassets */ = {isa = PBXFileReference; lastKnownFileType = folder.assetcatalog; path = Images.xcassets; sourceTree = "<group>"; };
		FE76D8211BAAAA96002895CC /* Base */ = {isa = PBXFileReference; lastKnownFileType = file.xib; name = Base; path = Base.lproj/LaunchScreen.xib; sourceTree = "<group>"; };
		FE76D8271BAAAA96002895CC /* SitupTests.xctest */ = {isa = PBXFileReference; explicitFileType = wrapper.cfbundle; includeInIndex = 0; path = SitupTests.xctest; sourceTree = BUILT_PRODUCTS_DIR; };
		FE76D82C1BAAAA96002895CC /* Info.plist */ = {isa = PBXFileReference; lastKnownFileType = text.plist.xml; path = Info.plist; sourceTree = "<group>"; };
		FE76D82D1BAAAA96002895CC /* SitupTests.m */ = {isa = PBXFileReference; lastKnownFileType = sourcecode.c.objc; path = SitupTests.m; sourceTree = "<group>"; };
		FE76D83F1BAAB283002895CC /* UIScreen+Adapter.h */ = {isa = PBXFileReference; fileEncoding = 4; lastKnownFileType = sourcecode.c.h; path = "UIScreen+Adapter.h"; sourceTree = "<group>"; };
		FE76D8401BAAB283002895CC /* UIScreen+Adapter.m */ = {isa = PBXFileReference; fileEncoding = 4; lastKnownFileType = sourcecode.c.objc; path = "UIScreen+Adapter.m"; sourceTree = "<group>"; };
		FE76D8421BAAB358002895CC /* STCommon.h */ = {isa = PBXFileReference; lastKnownFileType = sourcecode.c.h; path = STCommon.h; sourceTree = "<group>"; };
		FE76D8481BAABD49002895CC /* UIColor+Util.h */ = {isa = PBXFileReference; fileEncoding = 4; lastKnownFileType = sourcecode.c.h; path = "UIColor+Util.h"; sourceTree = "<group>"; };
		FE76D8491BAABD49002895CC /* UIColor+Util.m */ = {isa = PBXFileReference; fileEncoding = 4; lastKnownFileType = sourcecode.c.objc; path = "UIColor+Util.m"; sourceTree = "<group>"; };
		FE76D8851BABE54B002895CC /* bg_sets_light.png */ = {isa = PBXFileReference; lastKnownFileType = image.png; name = bg_sets_light.png; path = "../../../../fuwochengjiaolian_18903_20140828/res/drawable-hdpi/bg_sets_light.png"; sourceTree = "<group>"; };
		FE76D8871BABE752002895CC /* pushupsicon.png */ = {isa = PBXFileReference; lastKnownFileType = image.png; path = pushupsicon.png; sourceTree = "<group>"; };
		FE76D88B1BABF045002895CC /* situpsicon.png */ = {isa = PBXFileReference; lastKnownFileType = image.png; path = situpsicon.png; sourceTree = "<group>"; };
		FE76D88E1BAC0024002895CC /* UIToolbar+SU.h */ = {isa = PBXFileReference; fileEncoding = 4; lastKnownFileType = sourcecode.c.h; path = "UIToolbar+SU.h"; sourceTree = "<group>"; };
		FE76D88F1BAC0024002895CC /* UIToolbar+SU.m */ = {isa = PBXFileReference; fileEncoding = 4; lastKnownFileType = sourcecode.c.objc; path = "UIToolbar+SU.m"; sourceTree = "<group>"; };
		FE76D8951BAC16AA002895CC /* star_level1.png */ = {isa = PBXFileReference; lastKnownFileType = image.png; path = star_level1.png; sourceTree = "<group>"; };
		FE76D89D1BAC261B002895CC /* STLevelSelectorController.h */ = {isa = PBXFileReference; fileEncoding = 4; lastKnownFileType = sourcecode.c.h; path = STLevelSelectorController.h; sourceTree = "<group>"; };
		FE76D89E1BAC261B002895CC /* STLevelSelectorController.m */ = {isa = PBXFileReference; fileEncoding = 4; lastKnownFileType = sourcecode.c.objc; path = STLevelSelectorController.m; sourceTree = "<group>"; };
		FE76D8A11BAC42CC002895CC /* STModelLevelInfo.h */ = {isa = PBXFileReference; fileEncoding = 4; lastKnownFileType = sourcecode.c.h; path = STModelLevelInfo.h; sourceTree = "<group>"; };
		FE76D8A21BAC42CC002895CC /* STModelLevelInfo.m */ = {isa = PBXFileReference; fileEncoding = 4; lastKnownFileType = sourcecode.c.objc; path = STModelLevelInfo.m; sourceTree = "<group>"; };
		FE98B6001BAEBB6F0084A9CA /* STTrainPlanController.h */ = {isa = PBXFileReference; fileEncoding = 4; lastKnownFileType = sourcecode.c.h; name = STTrainPlanController.h; path = train/STTrainPlanController.h; sourceTree = "<group>"; };
		FE98B6011BAEBB6F0084A9CA /* STTrainPlanController.m */ = {isa = PBXFileReference; fileEncoding = 4; lastKnownFileType = sourcecode.c.objc; name = STTrainPlanController.m; path = train/STTrainPlanController.m; sourceTree = "<group>"; };
		FE98B6031BAEBF560084A9CA /* TrainDataService.h */ = {isa = PBXFileReference; fileEncoding = 4; lastKnownFileType = sourcecode.c.h; name = TrainDataService.h; path = util/TrainDataService.h; sourceTree = "<group>"; };
		FE98B6041BAEBF560084A9CA /* TrainDataService.m */ = {isa = PBXFileReference; fileEncoding = 4; lastKnownFileType = sourcecode.c.objc; name = TrainDataService.m; path = util/TrainDataService.m; sourceTree = "<group>"; };
		FE98B6081BAEC0A80084A9CA /* STModelTrainPlan.h */ = {isa = PBXFileReference; fileEncoding = 4; lastKnownFileType = sourcecode.c.h; name = STModelTrainPlan.h; path = util/model/STModelTrainPlan.h; sourceTree = "<group>"; };
		FE98B6091BAEC0A80084A9CA /* STModelTrainPlan.m */ = {isa = PBXFileReference; fileEncoding = 4; lastKnownFileType = sourcecode.c.objc; name = STModelTrainPlan.m; path = util/model/STModelTrainPlan.m; sourceTree = "<group>"; };
		FE98B60E1BAEC6E90084A9CA /* UIImage+Util.h */ = {isa = PBXFileReference; fileEncoding = 4; lastKnownFileType = sourcecode.c.h; path = "UIImage+Util.h"; sourceTree = "<group>"; };
		FE98B60F1BAEC6E90084A9CA /* UIImage+Util.m */ = {isa = PBXFileReference; fileEncoding = 4; lastKnownFileType = sourcecode.c.objc; path = "UIImage+Util.m"; sourceTree = "<group>"; };
		FEA73B6F1BBA7C530021B504 /* NSObject+SBJson.h */ = {isa = PBXFileReference; fileEncoding = 4; lastKnownFileType = sourcecode.c.h; name = "NSObject+SBJson.h"; path = "lib/json/NSObject+SBJson.h"; sourceTree = "<group>"; };
		FEA73B701BBA7C530021B504 /* NSObject+SBJson.m */ = {isa = PBXFileReference; fileEncoding = 4; lastKnownFileType = sourcecode.c.objc; name = "NSObject+SBJson.m"; path = "lib/json/NSObject+SBJson.m"; sourceTree = "<group>"; };
		FEA73B711BBA7C530021B504 /* SBJson.h */ = {isa = PBXFileReference; fileEncoding = 4; lastKnownFileType = sourcecode.c.h; name = SBJson.h; path = lib/json/SBJson.h; sourceTree = "<group>"; };
		FEA73B721BBA7C530021B504 /* SBJsonParser.h */ = {isa = PBXFileReference; fileEncoding = 4; lastKnownFileType = sourcecode.c.h; name = SBJsonParser.h; path = lib/json/SBJsonParser.h; sourceTree = "<group>"; };
		FEA73B731BBA7C530021B504 /* SBJsonParser.m */ = {isa = PBXFileReference; fileEncoding = 4; lastKnownFileType = sourcecode.c.objc; name = SBJsonParser.m; path = lib/json/SBJsonParser.m; sourceTree = "<group>"; };
		FEA73B741BBA7C530021B504 /* SBJsonStreamParser.h */ = {isa = PBXFileReference; fileEncoding = 4; lastKnownFileType = sourcecode.c.h; name = SBJsonStreamParser.h; path = lib/json/SBJsonStreamParser.h; sourceTree = "<group>"; };
		FEA73B751BBA7C530021B504 /* SBJsonStreamParser.m */ = {isa = PBXFileReference; fileEncoding = 4; lastKnownFileType = sourcecode.c.objc; name = SBJsonStreamParser.m; path = lib/json/SBJsonStreamParser.m; sourceTree = "<group>"; };
		FEA73B761BBA7C530021B504 /* SBJsonStreamParserAccumulator.h */ = {isa = PBXFileReference; fileEncoding = 4; lastKnownFileType = sourcecode.c.h; name = SBJsonStreamParserAccumulator.h; path = lib/json/SBJsonStreamParserAccumulator.h; sourceTree = "<group>"; };
		FEA73B771BBA7C530021B504 /* SBJsonStreamParserAccumulator.m */ = {isa = PBXFileReference; fileEncoding = 4; lastKnownFileType = sourcecode.c.objc; name = SBJsonStreamParserAccumulator.m; path = lib/json/SBJsonStreamParserAccumulator.m; sourceTree = "<group>"; };
		FEA73B781BBA7C530021B504 /* SBJsonStreamParserAdapter.h */ = {isa = PBXFileReference; fileEncoding = 4; lastKnownFileType = sourcecode.c.h; name = SBJsonStreamParserAdapter.h; path = lib/json/SBJsonStreamParserAdapter.h; sourceTree = "<group>"; };
		FEA73B791BBA7C530021B504 /* SBJsonStreamParserAdapter.m */ = {isa = PBXFileReference; fileEncoding = 4; lastKnownFileType = sourcecode.c.objc; name = SBJsonStreamParserAdapter.m; path = lib/json/SBJsonStreamParserAdapter.m; sourceTree = "<group>"; };
		FEA73B7A1BBA7C530021B504 /* SBJsonStreamParserState.h */ = {isa = PBXFileReference; fileEncoding = 4; lastKnownFileType = sourcecode.c.h; name = SBJsonStreamParserState.h; path = lib/json/SBJsonStreamParserState.h; sourceTree = "<group>"; };
		FEA73B7B1BBA7C530021B504 /* SBJsonStreamParserState.m */ = {isa = PBXFileReference; fileEncoding = 4; lastKnownFileType = sourcecode.c.objc; name = SBJsonStreamParserState.m; path = lib/json/SBJsonStreamParserState.m; sourceTree = "<group>"; };
		FEA73B7C1BBA7C530021B504 /* SBJsonStreamWriter.h */ = {isa = PBXFileReference; fileEncoding = 4; lastKnownFileType = sourcecode.c.h; name = SBJsonStreamWriter.h; path = lib/json/SBJsonStreamWriter.h; sourceTree = "<group>"; };
		FEA73B7D1BBA7C530021B504 /* SBJsonStreamWriter.m */ = {isa = PBXFileReference; fileEncoding = 4; lastKnownFileType = sourcecode.c.objc; name = SBJsonStreamWriter.m; path = lib/json/SBJsonStreamWriter.m; sourceTree = "<group>"; };
		FEA73B7E1BBA7C530021B504 /* SBJsonStreamWriterAccumulator.h */ = {isa = PBXFileReference; fileEncoding = 4; lastKnownFileType = sourcecode.c.h; name = SBJsonStreamWriterAccumulator.h; path = lib/json/SBJsonStreamWriterAccumulator.h; sourceTree = "<group>"; };
		FEA73B7F1BBA7C530021B504 /* SBJsonStreamWriterAccumulator.m */ = {isa = PBXFileReference; fileEncoding = 4; lastKnownFileType = sourcecode.c.objc; name = SBJsonStreamWriterAccumulator.m; path = lib/json/SBJsonStreamWriterAccumulator.m; sourceTree = "<group>"; };
		FEA73B801BBA7C530021B504 /* SBJsonStreamWriterState.h */ = {isa = PBXFileReference; fileEncoding = 4; lastKnownFileType = sourcecode.c.h; name = SBJsonStreamWriterState.h; path = lib/json/SBJsonStreamWriterState.h; sourceTree = "<group>"; };
		FEA73B811BBA7C530021B504 /* SBJsonStreamWriterState.m */ = {isa = PBXFileReference; fileEncoding = 4; lastKnownFileType = sourcecode.c.objc; name = SBJsonStreamWriterState.m; path = lib/json/SBJsonStreamWriterState.m; sourceTree = "<group>"; };
		FEA73B821BBA7C530021B504 /* SBJsonTokeniser.h */ = {isa = PBXFileReference; fileEncoding = 4; lastKnownFileType = sourcecode.c.h; name = SBJsonTokeniser.h; path = lib/json/SBJsonTokeniser.h; sourceTree = "<group>"; };
		FEA73B831BBA7C530021B504 /* SBJsonTokeniser.m */ = {isa = PBXFileReference; fileEncoding = 4; lastKnownFileType = sourcecode.c.objc; name = SBJsonTokeniser.m; path = lib/json/SBJsonTokeniser.m; sourceTree = "<group>"; };
		FEA73B841BBA7C530021B504 /* SBJsonUTF8Stream.h */ = {isa = PBXFileReference; fileEncoding = 4; lastKnownFileType = sourcecode.c.h; name = SBJsonUTF8Stream.h; path = lib/json/SBJsonUTF8Stream.h; sourceTree = "<group>"; };
		FEA73B851BBA7C530021B504 /* SBJsonUTF8Stream.m */ = {isa = PBXFileReference; fileEncoding = 4; lastKnownFileType = sourcecode.c.objc; name = SBJsonUTF8Stream.m; path = lib/json/SBJsonUTF8Stream.m; sourceTree = "<group>"; };
		FEA73B861BBA7C530021B504 /* SBJsonWriter.h */ = {isa = PBXFileReference; fileEncoding = 4; lastKnownFileType = sourcecode.c.h; name = SBJsonWriter.h; path = lib/json/SBJsonWriter.h; sourceTree = "<group>"; };
		FEA73B871BBA7C530021B504 /* SBJsonWriter.m */ = {isa = PBXFileReference; fileEncoding = 4; lastKnownFileType = sourcecode.c.objc; name = SBJsonWriter.m; path = lib/json/SBJsonWriter.m; sourceTree = "<group>"; };
		FEA73B971BBA7C870021B504 /* UUBar.h */ = {isa = PBXFileReference; fileEncoding = 4; lastKnownFileType = sourcecode.c.h; name = UUBar.h; path = lib/chart/UUBar.h; sourceTree = "<group>"; };
		FEA73B981BBA7C870021B504 /* UUBar.m */ = {isa = PBXFileReference; fileEncoding = 4; lastKnownFileType = sourcecode.c.objc; name = UUBar.m; path = lib/chart/UUBar.m; sourceTree = "<group>"; };
		FEA73B991BBA7C870021B504 /* UUBarChart.h */ = {isa = PBXFileReference; fileEncoding = 4; lastKnownFileType = sourcecode.c.h; name = UUBarChart.h; path = lib/chart/UUBarChart.h; sourceTree = "<group>"; };
		FEA73B9A1BBA7C870021B504 /* UUBarChart.m */ = {isa = PBXFileReference; fileEncoding = 4; lastKnownFileType = sourcecode.c.objc; name = UUBarChart.m; path = lib/chart/UUBarChart.m; sourceTree = "<group>"; };
		FEA73B9B1BBA7C870021B504 /* UUChart.h */ = {isa = PBXFileReference; fileEncoding = 4; lastKnownFileType = sourcecode.c.h; name = UUChart.h; path = lib/chart/UUChart.h; sourceTree = "<group>"; };
		FEA73B9C1BBA7C870021B504 /* UUChart.m */ = {isa = PBXFileReference; fileEncoding = 4; lastKnownFileType = sourcecode.c.objc; name = UUChart.m; path = lib/chart/UUChart.m; sourceTree = "<group>"; };
		FEA73B9D1BBA7C870021B504 /* UUChartLabel.h */ = {isa = PBXFileReference; fileEncoding = 4; lastKnownFileType = sourcecode.c.h; name = UUChartLabel.h; path = lib/chart/UUChartLabel.h; sourceTree = "<group>"; };
		FEA73B9E1BBA7C870021B504 /* UUChartLabel.m */ = {isa = PBXFileReference; fileEncoding = 4; lastKnownFileType = sourcecode.c.objc; name = UUChartLabel.m; path = lib/chart/UUChartLabel.m; sourceTree = "<group>"; };
		FEA73B9F1BBA7C870021B504 /* UUColor.h */ = {isa = PBXFileReference; fileEncoding = 4; lastKnownFileType = sourcecode.c.h; name = UUColor.h; path = lib/chart/UUColor.h; sourceTree = "<group>"; };
		FEA73BA01BBA7C870021B504 /* UUColor.m */ = {isa = PBXFileReference; fileEncoding = 4; lastKnownFileType = sourcecode.c.objc; name = UUColor.m; path = lib/chart/UUColor.m; sourceTree = "<group>"; };
		FEA73BA11BBA7C870021B504 /* UULineChart.h */ = {isa = PBXFileReference; fileEncoding = 4; lastKnownFileType = sourcecode.c.h; name = UULineChart.h; path = lib/chart/UULineChart.h; sourceTree = "<group>"; };
		FEA73BA21BBA7C870021B504 /* UULineChart.m */ = {isa = PBXFileReference; fileEncoding = 4; lastKnownFileType = sourcecode.c.objc; name = UULineChart.m; path = lib/chart/UULineChart.m; sourceTree = "<group>"; };
		FEA73BBD1BBA7F740021B504 /* STTrainHistoryController.h */ = {isa = PBXFileReference; fileEncoding = 4; lastKnownFileType = sourcecode.c.h; name = STTrainHistoryController.h; path = "page/history-page/STTrainHistoryController.h"; sourceTree = "<group>"; };
		FEA73BBE1BBA7F740021B504 /* STTrainHistoryController.m */ = {isa = PBXFileReference; fileEncoding = 4; lastKnownFileType = sourcecode.c.objc; name = STTrainHistoryController.m; path = "page/history-page/STTrainHistoryController.m"; sourceTree = "<group>"; };
		FEA73BC91BBBCFCA0021B504 /* ic_launcher.png */ = {isa = PBXFileReference; lastKnownFileType = image.png; path = ic_launcher.png; sourceTree = "<group>"; };
		FEDBBBAF1BAE68AC0082771F /* levels.geojson */ = {isa = PBXFileReference; lastKnownFileType = text; path = levels.geojson; sourceTree = "<group>"; };
		FEFB84EC1BB2B3E600F01929 /* AVFoundation.framework */ = {isa = PBXFileReference; lastKnownFileType = wrapper.framework; name = AVFoundation.framework; path = System/Library/Frameworks/AVFoundation.framework; sourceTree = SDKROOT; };
/* End PBXFileReference section */

/* Begin PBXFrameworksBuildPhase section */
		FE76D80B1BAAAA96002895CC /* Frameworks */ = {
			isa = PBXFrameworksBuildPhase;
			buildActionMask = 2147483647;
			files = (
				FEFB84ED1BB2B3E600F01929 /* AVFoundation.framework in Frameworks */,
			);
			runOnlyForDeploymentPostprocessing = 0;
		};
		FE76D8241BAAAA96002895CC /* Frameworks */ = {
			isa = PBXFrameworksBuildPhase;
			buildActionMask = 2147483647;
			files = (
			);
			runOnlyForDeploymentPostprocessing = 0;
		};
/* End PBXFrameworksBuildPhase section */

/* Begin PBXGroup section */
		FE76D8051BAAAA96002895CC = {
			isa = PBXGroup;
			children = (
				FEFB84EC1BB2B3E600F01929 /* AVFoundation.framework */,
				FE76D8101BAAAA96002895CC /* Situp */,
				FE76D82A1BAAAA96002895CC /* SitupTests */,
				FE76D80F1BAAAA96002895CC /* Products */,
			);
			sourceTree = "<group>";
		};
		FE76D80F1BAAAA96002895CC /* Products */ = {
			isa = PBXGroup;
			children = (
				FE76D80E1BAAAA96002895CC /* Situp.app */,
				FE76D8271BAAAA96002895CC /* SitupTests.xctest */,
			);
			name = Products;
			sourceTree = "<group>";
		};
		FE76D8101BAAAA96002895CC /* Situp */ = {
			isa = PBXGroup;
			children = (
				FE98B6061BAEBFAE0084A9CA /* util */,
				FEC9964D1BAE6C44006F6BDE /* pages */,
				FEDBBBB01BAE6A010082771F /* lib */,
				FE76D8381BAAB186002895CC /* common */,
				FE76D8151BAAAA96002895CC /* AppDelegate.h */,
				FE76D8161BAAAA96002895CC /* AppDelegate.m */,
				FE76D81B1BAAAA96002895CC /* Main.storyboard */,
				FE76D81E1BAAAA96002895CC /* Images.xcassets */,
				FE76D8201BAAAA96002895CC /* LaunchScreen.xib */,
				FE76D8111BAAAA96002895CC /* Supporting Files */,
			);
			path = Situp;
			sourceTree = "<group>";
		};
		FE76D8111BAAAA96002895CC /* Supporting Files */ = {
			isa = PBXGroup;
			children = (
				FEA73BC91BBBCFCA0021B504 /* ic_launcher.png */,
				FE76D8431BAAB8C6002895CC /* images */,
				FE76D8121BAAAA96002895CC /* Info.plist */,
				FE76D8131BAAAA96002895CC /* main.m */,
				FEDBBBAF1BAE68AC0082771F /* levels.geojson */,
			);
			name = "Supporting Files";
			sourceTree = "<group>";
		};
		FE76D82A1BAAAA96002895CC /* SitupTests */ = {
			isa = PBXGroup;
			children = (
				FE76D82D1BAAAA96002895CC /* SitupTests.m */,
				FE76D82B1BAAAA96002895CC /* Supporting Files */,
			);
			path = SitupTests;
			sourceTree = "<group>";
		};
		FE76D82B1BAAAA96002895CC /* Supporting Files */ = {
			isa = PBXGroup;
			children = (
				FE76D82C1BAAAA96002895CC /* Info.plist */,
			);
			name = "Supporting Files";
			sourceTree = "<group>";
		};
		FE76D8381BAAB186002895CC /* common */ = {
			isa = PBXGroup;
			children = (
				FE76D88D1BABFFF1002895CC /* ui */,
				FE76D83F1BAAB283002895CC /* UIScreen+Adapter.h */,
				FE76D8401BAAB283002895CC /* UIScreen+Adapter.m */,
				FE76D8421BAAB358002895CC /* STCommon.h */,
				FE76D8481BAABD49002895CC /* UIColor+Util.h */,
				FE76D8491BAABD49002895CC /* UIColor+Util.m */,
				FE98B60E1BAEC6E90084A9CA /* UIImage+Util.h */,
				FE98B60F1BAEC6E90084A9CA /* UIImage+Util.m */,
			);
			name = common;
			sourceTree = "<group>";
		};
		FE76D8431BAAB8C6002895CC /* images */ = {
			isa = PBXGroup;
			children = (
				FE76D8951BAC16AA002895CC /* star_level1.png */,
				FE76D88B1BABF045002895CC /* situpsicon.png */,
				FE76D8871BABE752002895CC /* pushupsicon.png */,
				FE76D8851BABE54B002895CC /* bg_sets_light.png */,
			);
			name = images;
			sourceTree = "<group>";
		};
		FE76D88D1BABFFF1002895CC /* ui */ = {
			isa = PBXGroup;
			children = (
				FE76D88E1BAC0024002895CC /* UIToolbar+SU.h */,
				FE76D88F1BAC0024002895CC /* UIToolbar+SU.m */,
				FE42E6E31BAE8F3B002BA300 /* STNavigationController.h */,
				FE42E6E41BAE8F3B002BA300 /* STNavigationController.m */,
			);
			name = ui;
			sourceTree = "<group>";
		};
		FE76D8A01BAC42B0002895CC /* model */ = {
			isa = PBXGroup;
			children = (
				FE76D8A11BAC42CC002895CC /* STModelLevelInfo.h */,
				FE76D8A21BAC42CC002895CC /* STModelLevelInfo.m */,
				FE42E6E01BAE77CD002BA300 /* STModelLevelCell.h */,
				FE42E6E11BAE77CD002BA300 /* STModelLevelCell.m */,
			);
			name = model;
			sourceTree = "<group>";
		};
		FE98B6061BAEBFAE0084A9CA /* util */ = {
			isa = PBXGroup;
			children = (
				FE98B6071BAEC0380084A9CA /* model */,
				FE98B6031BAEBF560084A9CA /* TrainDataService.h */,
				FE98B6041BAEBF560084A9CA /* TrainDataService.m */,
			);
			name = util;
			sourceTree = "<group>";
		};
		FE98B6071BAEC0380084A9CA /* model */ = {
			isa = PBXGroup;
			children = (
				FE98B6081BAEC0A80084A9CA /* STModelTrainPlan.h */,
				FE98B6091BAEC0A80084A9CA /* STModelTrainPlan.m */,
			);
			name = model;
			sourceTree = "<group>";
		};
		FEA73B6E1BBA7C450021B504 /* SBJson */ = {
			isa = PBXGroup;
			children = (
				FEA73B6F1BBA7C530021B504 /* NSObject+SBJson.h */,
				FEA73B701BBA7C530021B504 /* NSObject+SBJson.m */,
				FEA73B711BBA7C530021B504 /* SBJson.h */,
				FEA73B721BBA7C530021B504 /* SBJsonParser.h */,
				FEA73B731BBA7C530021B504 /* SBJsonParser.m */,
				FEA73B741BBA7C530021B504 /* SBJsonStreamParser.h */,
				FEA73B751BBA7C530021B504 /* SBJsonStreamParser.m */,
				FEA73B761BBA7C530021B504 /* SBJsonStreamParserAccumulator.h */,
				FEA73B771BBA7C530021B504 /* SBJsonStreamParserAccumulator.m */,
				FEA73B781BBA7C530021B504 /* SBJsonStreamParserAdapter.h */,
				FEA73B791BBA7C530021B504 /* SBJsonStreamParserAdapter.m */,
				FEA73B7A1BBA7C530021B504 /* SBJsonStreamParserState.h */,
				FEA73B7B1BBA7C530021B504 /* SBJsonStreamParserState.m */,
				FEA73B7C1BBA7C530021B504 /* SBJsonStreamWriter.h */,
				FEA73B7D1BBA7C530021B504 /* SBJsonStreamWriter.m */,
				FEA73B7E1BBA7C530021B504 /* SBJsonStreamWriterAccumulator.h */,
				FEA73B7F1BBA7C530021B504 /* SBJsonStreamWriterAccumulator.m */,
				FEA73B801BBA7C530021B504 /* SBJsonStreamWriterState.h */,
				FEA73B811BBA7C530021B504 /* SBJsonStreamWriterState.m */,
				FEA73B821BBA7C530021B504 /* SBJsonTokeniser.h */,
				FEA73B831BBA7C530021B504 /* SBJsonTokeniser.m */,
				FEA73B841BBA7C530021B504 /* SBJsonUTF8Stream.h */,
				FEA73B851BBA7C530021B504 /* SBJsonUTF8Stream.m */,
				FEA73B861BBA7C530021B504 /* SBJsonWriter.h */,
				FEA73B871BBA7C530021B504 /* SBJsonWriter.m */,
			);
			name = SBJson;
			sourceTree = "<group>";
		};
		FEA73B941BBA7C650021B504 /* UUChartView */ = {
			isa = PBXGroup;
			children = (
				FEA73B971BBA7C870021B504 /* UUBar.h */,
				FEA73B981BBA7C870021B504 /* UUBar.m */,
				FEA73B991BBA7C870021B504 /* UUBarChart.h */,
				FEA73B9A1BBA7C870021B504 /* UUBarChart.m */,
				FEA73B9B1BBA7C870021B504 /* UUChart.h */,
				FEA73B9C1BBA7C870021B504 /* UUChart.m */,
				FEA73B9D1BBA7C870021B504 /* UUChartLabel.h */,
				FEA73B9E1BBA7C870021B504 /* UUChartLabel.m */,
				FEA73B9F1BBA7C870021B504 /* UUColor.h */,
				FEA73BA01BBA7C870021B504 /* UUColor.m */,
				FEA73BA11BBA7C870021B504 /* UULineChart.h */,
				FEA73BA21BBA7C870021B504 /* UULineChart.m */,
			);
			name = UUChartView;
			sourceTree = "<group>";
		};
		FEA73BB41BBA7E170021B504 /* train-page */ = {
			isa = PBXGroup;
			children = (
				FE98B6001BAEBB6F0084A9CA /* STTrainPlanController.h */,
				FE98B6011BAEBB6F0084A9CA /* STTrainPlanController.m */,
			);
			name = "train-page";
			sourceTree = "<group>";
		};
		FEA73BB81BBA7E500021B504 /* level-page */ = {
			isa = PBXGroup;
			children = (
				FE76D8A01BAC42B0002895CC /* model */,
				FE76D89D1BAC261B002895CC /* STLevelSelectorController.h */,
				FE76D89E1BAC261B002895CC /* STLevelSelectorController.m */,
			);
			name = "level-page";
			sourceTree = "<group>";
		};
		FEA73BBC1BBA7F1F0021B504 /* home-page */ = {
			isa = PBXGroup;
			children = (
				FE76D8181BAAAA96002895CC /* ViewController.h */,
				FE76D8191BAAAA96002895CC /* ViewController.m */,
			);
			name = "home-page";
			sourceTree = "<group>";
		};
		FEA73BC01BBA7F790021B504 /* history-page */ = {
			isa = PBXGroup;
			children = (
				FEA73BBD1BBA7F740021B504 /* STTrainHistoryController.h */,
				FEA73BBE1BBA7F740021B504 /* STTrainHistoryController.m */,
			);
			name = "history-page";
			sourceTree = "<group>";
		};
		FEC9964D1BAE6C44006F6BDE /* pages */ = {
			isa = PBXGroup;
			children = (
				FEA73BC01BBA7F790021B504 /* history-page */,
				FEA73BBC1BBA7F1F0021B504 /* home-page */,
				FEA73BB81BBA7E500021B504 /* level-page */,
				FEA73BB41BBA7E170021B504 /* train-page */,
			);
			name = pages;
			sourceTree = "<group>";
		};
		FEDBBBB01BAE6A010082771F /* lib */ = {
			isa = PBXGroup;
			children = (
				FEA73B941BBA7C650021B504 /* UUChartView */,
				FEA73B6E1BBA7C450021B504 /* SBJson */,
			);
			name = lib;
			sourceTree = "<group>";
		};
/* End PBXGroup section */

/* Begin PBXNativeTarget section */
		FE76D80D1BAAAA96002895CC /* Situp */ = {
			isa = PBXNativeTarget;
			buildConfigurationList = FE76D8311BAAAA96002895CC /* Build configuration list for PBXNativeTarget "Situp" */;
			buildPhases = (
				FE76D80A1BAAAA96002895CC /* Sources */,
				FE76D80B1BAAAA96002895CC /* Frameworks */,
				FE76D80C1BAAAA96002895CC /* Resources */,
			);
			buildRules = (
			);
			dependencies = (
			);
			name = Situp;
			productName = Situp;
			productReference = FE76D80E1BAAAA96002895CC /* Situp.app */;
			productType = "com.apple.product-type.application";
		};
		FE76D8261BAAAA96002895CC /* SitupTests */ = {
			isa = PBXNativeTarget;
			buildConfigurationList = FE76D8341BAAAA96002895CC /* Build configuration list for PBXNativeTarget "SitupTests" */;
			buildPhases = (
				FE76D8231BAAAA96002895CC /* Sources */,
				FE76D8241BAAAA96002895CC /* Frameworks */,
				FE76D8251BAAAA96002895CC /* Resources */,
			);
			buildRules = (
			);
			dependencies = (
				FE76D8291BAAAA96002895CC /* PBXTargetDependency */,
			);
			name = SitupTests;
			productName = SitupTests;
			productReference = FE76D8271BAAAA96002895CC /* SitupTests.xctest */;
			productType = "com.apple.product-type.bundle.unit-test";
		};
/* End PBXNativeTarget section */

/* Begin PBXProject section */
		FE76D8061BAAAA96002895CC /* Project object */ = {
			isa = PBXProject;
			attributes = {
				LastUpgradeCheck = 0700;
				ORGANIZATIONNAME = lepdou;
				TargetAttributes = {
					FE76D80D1BAAAA96002895CC = {
						CreatedOnToolsVersion = 6.3.2;
						DevelopmentTeam = Y3QBHZ9G9H;
					};
					FE76D8261BAAAA96002895CC = {
						CreatedOnToolsVersion = 6.3.2;
						TestTargetID = FE76D80D1BAAAA96002895CC;
					};
				};
			};
			buildConfigurationList = FE76D8091BAAAA96002895CC /* Build configuration list for PBXProject "Situp" */;
			compatibilityVersion = "Xcode 3.2";
			developmentRegion = English;
			hasScannedForEncodings = 0;
			knownRegions = (
				en,
				Base,
			);
			mainGroup = FE76D8051BAAAA96002895CC;
			productRefGroup = FE76D80F1BAAAA96002895CC /* Products */;
			projectDirPath = "";
			projectRoot = "";
			targets = (
				FE76D80D1BAAAA96002895CC /* Situp */,
				FE76D8261BAAAA96002895CC /* SitupTests */,
			);
		};
/* End PBXProject section */

/* Begin PBXResourcesBuildPhase section */
		FE76D80C1BAAAA96002895CC /* Resources */ = {
			isa = PBXResourcesBuildPhase;
			buildActionMask = 2147483647;
			files = (
				FEFB84E91BB2A02200F01929 /* Images.xcassets in Resources */,
				FE42E6DF1BAE73CF002BA300 /* levels.geojson in Resources */,
				FE76D81D1BAAAA96002895CC /* Main.storyboard in Resources */,
				FE76D8221BAAAA96002895CC /* LaunchScreen.xib in Resources */,
				FE76D88C1BABF045002895CC /* situpsicon.png in Resources */,
				FE76D8861BABE54B002895CC /* bg_sets_light.png in Resources */,
				FEA73BCA1BBBCFCA0021B504 /* ic_launcher.png in Resources */,
				FE76D8881BABE752002895CC /* pushupsicon.png in Resources */,
				FE76D8961BAC16AA002895CC /* star_level1.png in Resources */,
			);
			runOnlyForDeploymentPostprocessing = 0;
		};
		FE76D8251BAAAA96002895CC /* Resources */ = {
			isa = PBXResourcesBuildPhase;
			buildActionMask = 2147483647;
			files = (
			);
			runOnlyForDeploymentPostprocessing = 0;
		};
/* End PBXResourcesBuildPhase section */

/* Begin PBXSourcesBuildPhase section */
		FE76D80A1BAAAA96002895CC /* Sources */ = {
			isa = PBXSourcesBuildPhase;
			buildActionMask = 2147483647;
			files = (
				FEA73B8F1BBA7C530021B504 /* SBJsonStreamWriterAccumulator.m in Sources */,
				FE76D81A1BAAAA96002895CC /* ViewController.m in Sources */,
				FE98B6021BAEBB6F0084A9CA /* STTrainPlanController.m in Sources */,
				FEA73BA91BBA7C870021B504 /* UULineChart.m in Sources */,
				FE76D8171BAAAA96002895CC /* AppDelegate.m in Sources */,
				FEA73BA71BBA7C870021B504 /* UUChartLabel.m in Sources */,
				FEA73B8B1BBA7C530021B504 /* SBJsonStreamParserAccumulator.m in Sources */,
				FE98B60A1BAEC0A80084A9CA /* STModelTrainPlan.m in Sources */,
				FEA73B8E1BBA7C530021B504 /* SBJsonStreamWriter.m in Sources */,
				FEA73B891BBA7C530021B504 /* SBJsonParser.m in Sources */,
				FEA73B921BBA7C530021B504 /* SBJsonUTF8Stream.m in Sources */,
				FEA73BA41BBA7C870021B504 /* UUBar.m in Sources */,
				FEA73B911BBA7C530021B504 /* SBJsonTokeniser.m in Sources */,
				FE98B6051BAEBF560084A9CA /* TrainDataService.m in Sources */,
				FEA73BBF1BBA7F740021B504 /* STTrainHistoryController.m in Sources */,
				FE76D8141BAAAA96002895CC /* main.m in Sources */,
				FEA73BA81BBA7C870021B504 /* UUColor.m in Sources */,
				FE42E6E21BAE77CD002BA300 /* STModelLevelCell.m in Sources */,
				FE76D8901BAC0024002895CC /* UIToolbar+SU.m in Sources */,
				FE42E6E51BAE8F3B002BA300 /* STNavigationController.m in Sources */,
				FE76D8411BAAB283002895CC /* UIScreen+Adapter.m in Sources */,
				FE98B6101BAEC6E90084A9CA /* UIImage+Util.m in Sources */,
				FE76D84A1BAABD49002895CC /* UIColor+Util.m in Sources */,
				FEA73BA61BBA7C870021B504 /* UUChart.m in Sources */,
				FEA73B901BBA7C530021B504 /* SBJsonStreamWriterState.m in Sources */,
				FEA73BA51BBA7C870021B504 /* UUBarChart.m in Sources */,
				FEA73B8D1BBA7C530021B504 /* SBJsonStreamParserState.m in Sources */,
				FE76D8A31BAC42CC002895CC /* STModelLevelInfo.m in Sources */,
				FEA73B881BBA7C530021B504 /* NSObject+SBJson.m in Sources */,
				FEA73B8C1BBA7C530021B504 /* SBJsonStreamParserAdapter.m in Sources */,
				FE76D89F1BAC261B002895CC /* STLevelSelectorController.m in Sources */,
				FEA73B8A1BBA7C530021B504 /* SBJsonStreamParser.m in Sources */,
				FEA73B931BBA7C530021B504 /* SBJsonWriter.m in Sources */,
			);
			runOnlyForDeploymentPostprocessing = 0;
		};
		FE76D8231BAAAA96002895CC /* Sources */ = {
			isa = PBXSourcesBuildPhase;
			buildActionMask = 2147483647;
			files = (
				FE76D82E1BAAAA96002895CC /* SitupTests.m in Sources */,
			);
			runOnlyForDeploymentPostprocessing = 0;
		};
/* End PBXSourcesBuildPhase section */

/* Begin PBXTargetDependency section */
		FE76D8291BAAAA96002895CC /* PBXTargetDependency */ = {
			isa = PBXTargetDependency;
			target = FE76D80D1BAAAA96002895CC /* Situp */;
			targetProxy = FE76D8281BAAAA96002895CC /* PBXContainerItemProxy */;
		};
/* End PBXTargetDependency section */

/* Begin PBXVariantGroup section */
		FE76D81B1BAAAA96002895CC /* Main.storyboard */ = {
			isa = PBXVariantGroup;
			children = (
				FE76D81C1BAAAA96002895CC /* Base */,
			);
			name = Main.storyboard;
			sourceTree = "<group>";
		};
		FE76D8201BAAAA96002895CC /* LaunchScreen.xib */ = {
			isa = PBXVariantGroup;
			children = (
				FE76D8211BAAAA96002895CC /* Base */,
			);
			name = LaunchScreen.xib;
			sourceTree = "<group>";
		};
/* End PBXVariantGroup section */

/* Begin XCBuildConfiguration section */
		FE76D82F1BAAAA96002895CC /* Debug */ = {
			isa = XCBuildConfiguration;
			buildSettings = {
				ALWAYS_SEARCH_USER_PATHS = NO;
				CLANG_CXX_LANGUAGE_STANDARD = "gnu++0x";
				CLANG_CXX_LIBRARY = "libc++";
				CLANG_ENABLE_MODULES = YES;
				CLANG_ENABLE_OBJC_ARC = YES;
				CLANG_WARN_BOOL_CONVERSION = YES;
				CLANG_WARN_CONSTANT_CONVERSION = YES;
				CLANG_WARN_DIRECT_OBJC_ISA_USAGE = YES_ERROR;
				CLANG_WARN_EMPTY_BODY = YES;
				CLANG_WARN_ENUM_CONVERSION = YES;
				CLANG_WARN_INT_CONVERSION = YES;
				CLANG_WARN_OBJC_ROOT_CLASS = YES_ERROR;
				CLANG_WARN_UNREACHABLE_CODE = YES;
				CLANG_WARN__DUPLICATE_METHOD_MATCH = YES;
				"CODE_SIGN_IDENTITY[sdk=iphoneos*]" = "iPhone Developer";
				COPY_PHASE_STRIP = NO;
				DEBUG_INFORMATION_FORMAT = "dwarf-with-dsym";
				ENABLE_STRICT_OBJC_MSGSEND = YES;
				ENABLE_TESTABILITY = YES;
				GCC_C_LANGUAGE_STANDARD = gnu99;
				GCC_DYNAMIC_NO_PIC = NO;
				GCC_NO_COMMON_BLOCKS = YES;
				GCC_OPTIMIZATION_LEVEL = 0;
				GCC_PREPROCESSOR_DEFINITIONS = (
					"DEBUG=1",
					"$(inherited)",
				);
				GCC_SYMBOLS_PRIVATE_EXTERN = NO;
				GCC_WARN_64_TO_32_BIT_CONVERSION = YES;
				GCC_WARN_ABOUT_RETURN_TYPE = YES_ERROR;
				GCC_WARN_UNDECLARED_SELECTOR = YES;
				GCC_WARN_UNINITIALIZED_AUTOS = YES_AGGRESSIVE;
				GCC_WARN_UNUSED_FUNCTION = YES;
				GCC_WARN_UNUSED_VARIABLE = YES;
				IPHONEOS_DEPLOYMENT_TARGET = 8.3;
				MTL_ENABLE_DEBUG_INFO = YES;
				ONLY_ACTIVE_ARCH = YES;
				SDKROOT = iphoneos;
			};
			name = Debug;
		};
		FE76D8301BAAAA96002895CC /* Release */ = {
			isa = XCBuildConfiguration;
			buildSettings = {
				ALWAYS_SEARCH_USER_PATHS = NO;
				CLANG_CXX_LANGUAGE_STANDARD = "gnu++0x";
				CLANG_CXX_LIBRARY = "libc++";
				CLANG_ENABLE_MODULES = YES;
				CLANG_ENABLE_OBJC_ARC = YES;
				CLANG_WARN_BOOL_CONVERSION = YES;
				CLANG_WARN_CONSTANT_CONVERSION = YES;
				CLANG_WARN_DIRECT_OBJC_ISA_USAGE = YES_ERROR;
				CLANG_WARN_EMPTY_BODY = YES;
				CLANG_WARN_ENUM_CONVERSION = YES;
				CLANG_WARN_INT_CONVERSION = YES;
				CLANG_WARN_OBJC_ROOT_CLASS = YES_ERROR;
				CLANG_WARN_UNREACHABLE_CODE = YES;
				CLANG_WARN__DUPLICATE_METHOD_MATCH = YES;
				"CODE_SIGN_IDENTITY[sdk=iphoneos*]" = "iPhone Developer";
				COPY_PHASE_STRIP = NO;
				DEBUG_INFORMATION_FORMAT = "dwarf-with-dsym";
				ENABLE_NS_ASSERTIONS = NO;
				ENABLE_STRICT_OBJC_MSGSEND = YES;
				GCC_C_LANGUAGE_STANDARD = gnu99;
				GCC_NO_COMMON_BLOCKS = YES;
				GCC_WARN_64_TO_32_BIT_CONVERSION = YES;
				GCC_WARN_ABOUT_RETURN_TYPE = YES_ERROR;
				GCC_WARN_UNDECLARED_SELECTOR = YES;
				GCC_WARN_UNINITIALIZED_AUTOS = YES_AGGRESSIVE;
				GCC_WARN_UNUSED_FUNCTION = YES;
				GCC_WARN_UNUSED_VARIABLE = YES;
				IPHONEOS_DEPLOYMENT_TARGET = 8.3;
				MTL_ENABLE_DEBUG_INFO = NO;
				SDKROOT = iphoneos;
				VALIDATE_PRODUCT = YES;
			};
			name = Release;
		};
		FE76D8321BAAAA96002895CC /* Debug */ = {
			isa = XCBuildConfiguration;
			buildSettings = {
				ASSETCATALOG_COMPILER_APPICON_NAME = AppIcon;
				CODE_SIGN_IDENTITY = "iPhone Developer";
				"CODE_SIGN_IDENTITY[sdk=iphoneos*]" = "iPhone Developer";
				INFOPLIST_FILE = Situp/Info.plist;
				LD_RUNPATH_SEARCH_PATHS = "$(inherited) @executable_path/Frameworks";
				PRODUCT_BUNDLE_IDENTIFIER = "com.lepdou.$(PRODUCT_NAME:rfc1034identifier)";
				PRODUCT_NAME = Situp;
				PROVISIONING_PROFILE = "";
			};
			name = Debug;
		};
		FE76D8331BAAAA96002895CC /* Release */ = {
			isa = XCBuildConfiguration;
			buildSettings = {
				ASSETCATALOG_COMPILER_APPICON_NAME = AppIcon;
				CODE_SIGN_IDENTITY = "iPhone Developer";
				"CODE_SIGN_IDENTITY[sdk=iphoneos*]" = "iPhone Developer";
				INFOPLIST_FILE = Situp/Info.plist;
				LD_RUNPATH_SEARCH_PATHS = "$(inherited) @executable_path/Frameworks";
				PRODUCT_BUNDLE_IDENTIFIER = "com.lepdou.$(PRODUCT_NAME:rfc1034identifier)";
				PRODUCT_NAME = Situp;
				PROVISIONING_PROFILE = "";
			};
			name = Release;
		};
		FE76D8351BAAAA96002895CC /* Debug */ = {
			isa = XCBuildConfiguration;
			buildSettings = {
				BUNDLE_LOADER = "$(TEST_HOST)";
				FRAMEWORK_SEARCH_PATHS = (
					"$(SDKROOT)/Developer/Library/Frameworks",
					"$(inherited)",
				);
				GCC_PREPROCESSOR_DEFINITIONS = (
					"DEBUG=1",
					"$(inherited)",
				);
				INFOPLIST_FILE = SitupTests/Info.plist;
				LD_RUNPATH_SEARCH_PATHS = "$(inherited) @executable_path/Frameworks @loader_path/Frameworks";
				PRODUCT_BUNDLE_IDENTIFIER = "com.lepdou.$(PRODUCT_NAME:rfc1034identifier)";
				PRODUCT_NAME = "$(TARGET_NAME)";
				TEST_HOST = "$(BUILT_PRODUCTS_DIR)/Situp.app/Situp";
			};
			name = Debug;
		};
		FE76D8361BAAAA96002895CC /* Release */ = {
			isa = XCBuildConfiguration;
			buildSettings = {
				BUNDLE_LOADER = "$(TEST_HOST)";
				FRAMEWORK_SEARCH_PATHS = (
					"$(SDKROOT)/Developer/Library/Frameworks",
					"$(inherited)",
				);
				INFOPLIST_FILE = SitupTests/Info.plist;
				LD_RUNPATH_SEARCH_PATHS = "$(inherited) @executable_path/Frameworks @loader_path/Frameworks";
				PRODUCT_BUNDLE_IDENTIFIER = "com.lepdou.$(PRODUCT_NAME:rfc1034identifier)";
				PRODUCT_NAME = "$(TARGET_NAME)";
				TEST_HOST = "$(BUILT_PRODUCTS_DIR)/Situp.app/Situp";
			};
			name = Release;
		};
/* End XCBuildConfiguration section */

/* Begin XCConfigurationList section */
		FE76D8091BAAAA96002895CC /* Build configuration list for PBXProject "Situp" */ = {
			isa = XCConfigurationList;
			buildConfigurations = (
				FE76D82F1BAAAA96002895CC /* Debug */,
				FE76D8301BAAAA96002895CC /* Release */,
			);
			defaultConfigurationIsVisible = 0;
			defaultConfigurationName = Release;
		};
		FE76D8311BAAAA96002895CC /* Build configuration list for PBXNativeTarget "Situp" */ = {
			isa = XCConfigurationList;
			buildConfigurations = (
				FE76D8321BAAAA96002895CC /* Debug */,
				FE76D8331BAAAA96002895CC /* Release */,
			);
			defaultConfigurationIsVisible = 0;
			defaultConfigurationName = Release;
		};
		FE76D8341BAAAA96002895CC /* Build configuration list for PBXNativeTarget "SitupTests" */ = {
			isa = XCConfigurationList;
			buildConfigurations = (
				FE76D8351BAAAA96002895CC /* Debug */,
				FE76D8361BAAAA96002895CC /* Release */,
			);
			defaultConfigurationIsVisible = 0;
			defaultConfigurationName = Release;
		};
/* End XCConfigurationList section */
	};
	rootObject = FE76D8061BAAAA96002895CC /* Project object */;
}
